PODS:
  - camera_avfoundation (0.0.1):
    - Flutter
  - Flutter (1.0.0)
  - flutter_d2go (0.6.1):
    - Flutter
    - LibTorch (~> 1.9.0)
    - LibTorchvision (= 0.10.0)
  - image_picker_ios (0.0.1):
    - Flutter
  - LibTorch (1.9.0):
    - LibTorch/Core (= 1.9.0)
  - LibTorch/Core (1.9.0):
    - LibTorch/Torch
  - LibTorch/Torch (1.9.0)
  - LibTorchvision (0.10.0)
  - path_provider_foundation (0.0.1):
    - Flutter
    - FlutterMacOS

DEPENDENCIES:
  - camera_avfoundation (from `.symlinks/plugins/camera_avfoundation/ios`)
  - Flutter (from `Flutter`)
  - flutter_d2go (from `.symlinks/plugins/flutter_d2go/ios`)
  - image_picker_ios (from `.symlinks/plugins/image_picker_ios/ios`)
  - path_provider_foundation (from `.symlinks/plugins/path_provider_foundation/darwin`)

SPEC REPOS:
  trunk:
    - LibTorch
    - LibTorchvision

EXTERNAL SOURCES:
  camera_avfoundation:
    :path: ".symlinks/plugins/camera_avfoundation/ios"
  Flutter:
    :path: Flutter
  flutter_d2go:
    :path: ".symlinks/plugins/flutter_d2go/ios"
  image_picker_ios:
    :path: ".symlinks/plugins/image_picker_ios/ios"
  path_provider_foundation:
    :path: ".symlinks/plugins/path_provider_foundation/darwin"

SPEC CHECKSUMS:
  camera_avfoundation: 759172d1a77ae7be0de08fc104cfb79738b8a59e
  Flutter: e0871f40cf51350855a761d2e70bf5af5b9b5de7
  flutter_d2go: ad400141c8c45ec8a5a39366435ac1b3685c0447
  image_picker_ios: b545a5f16c0fa88e3ecbbce3ed4de45567a8ec18
  LibTorch: d89f452b8b932002bd98884b3921850a95c35e14
  LibTorchvision: 5005f76146d310b7bb1f7ccfa618188f9e3a0dc2
  path_provider_foundation: 3784922295ac71e43754bd15e0653ccfd36a147c

PODFILE CHECKSUM: fe28524d052975a46c416ec54dc370d5e77973a0

COCOAPODS: 1.15.2
