PODS:
  - camera_avfoundation (0.0.1):
    - Flutter
  - Flutter (1.0.0)
  - flutter_d2go (0.6.1):
    - Flutter
    - LibTorch (~> 1.13.0.1)
    - LibTorchvision (= 0.14.0)
  - image_picker_ios (0.0.1):
    - Flutter
  - LibTorch (1.13.0.1):
    - LibTorch/Core (= 1.13.0.1)
  - LibTorch/Core (1.13.0.1):
    - LibTorch/Torch
  - LibTorch/Torch (1.13.0.1)
  - LibTorchvision (0.14.0)
  - path_provider_foundation (0.0.1):
    - Flutter
    - FlutterMacOS

DEPENDENCIES:
  - camera_avfoundation (from `.symlinks/plugins/camera_avfoundation/ios`)
  - Flutter (from `Flutter`)
  - flutter_d2go (from `.symlinks/plugins/flutter_d2go/ios`)
  - image_picker_ios (from `.symlinks/plugins/image_picker_ios/ios`)
  - path_provider_foundation (from `.symlinks/plugins/path_provider_foundation/darwin`)

SPEC REPOS:
  trunk:
    - LibTorch
    - LibTorchvision

EXTERNAL SOURCES:
  camera_avfoundation:
    :path: ".symlinks/plugins/camera_avfoundation/ios"
  Flutter:
    :path: Flutter
  flutter_d2go:
    :path: ".symlinks/plugins/flutter_d2go/ios"
  image_picker_ios:
    :path: ".symlinks/plugins/image_picker_ios/ios"
  path_provider_foundation:
    :path: ".symlinks/plugins/path_provider_foundation/darwin"

SPEC CHECKSUMS:
  camera_avfoundation: dd002b0330f4981e1bbcb46ae9b62829237459a4
  Flutter: e0871f40cf51350855a761d2e70bf5af5b9b5de7
  flutter_d2go: 8f8125df13911bda04762b27539f2dc772bcf2ff
  image_picker_ios: c560581cceedb403a6ff17f2f816d7fea1421fc1
  LibTorch: 8abfa5fc9d146230b31065a29b0502e1104956ea
  LibTorchvision: a488b9103266ea8c5e3d2ed4028b080e75c8e9da
  path_provider_foundation: 2b6b4c569c0fb62ec74538f866245ac84301af46

PODFILE CHECKSUM: fe28524d052975a46c416ec54dc370d5e77973a0

COCOAPODS: 1.15.2
